
Microsoft Visual Studio Solution File, Format Version 12.00
# Visual Studio Version 17
VisualStudioVersion = 17.4.33205.214
MinimumVisualStudioVersion = 10.0.40219.1
Project("{888888A0-9F3D-457C-B088-3A5042F75D52}") = "listid", "listid.pyproj", "{136C9C90-DA60-4EA1-9C9A-3A55D67D9D5B}"
EndProject
Global
	GlobalSection(SolutionConfigurationPlatforms) = preSolution
		Debug|Any CPU = Debug|Any CPU
		Release|Any CPU = Release|Any CPU
	EndGlobalSection
	GlobalSection(ProjectConfigurationPlatforms) = postSolution
		{136C9C90-DA60-4EA1-9C9A-3A55D67D9D5B}.Debug|Any CPU.ActiveCfg = Debug|Any CPU
		{136C9C90-DA60-4EA1-9C9A-3A55D67D9D5B}.Release|Any CPU.ActiveCfg = Release|Any CPU
	EndGlobalSection
	GlobalSection(SolutionProperties) = preSolution
		HideSolutionNode = FALSE
	EndGlobalSection
	GlobalSection(ExtensibilityGlobals) = postSolution
		SolutionGuid = {F5498EDC-4250-42D0-8BCD-A7874A8532B6}
	EndGlobalSection
EndGlobal
